
Microsoft Visual Studio Solution File, Format Version 12.00
# Visual Studio Version 17
VisualStudioVersion = 17.10.35027.167
MinimumVisualStudioVersion = 10.0.40219.1
Project("{9A19103F-16F7-4668-BE54-9A1E7A4F7556}") = "BulkyBookWeb", "BulkyWeb\BulkyBookWeb.csproj", "{ECFE28C9-BA4B-42D1-8FAF-14B5691C91AD}"
EndProject
Project("{9A19103F-16F7-4668-BE54-9A1E7A4F7556}") = "BulkyBook.DataAccess", "Bulky.DataAccess\BulkyBook.DataAccess.csproj", "{2F2D1279-72F4-4F84-BF3B-AA9A014DC1A9}"
EndProject
Project("{9A19103F-16F7-4668-BE54-9A1E7A4F7556}") = "BulkyBook.Models", "Bulky.Models\BulkyBook.Models.csproj", "{9EE23453-EAB5-400D-A071-EB1C176BDC5E}"
EndProject
Project("{9A19103F-16F7-4668-BE54-9A1E7A4F7556}") = "BulkyBook.Utility", "Bulky.Utility\BulkyBook.Utility.csproj", "{6D9FD378-ABE6-4805-A033-D5D053929A2C}"
EndProject
Global
	GlobalSection(SolutionConfigurationPlatforms) = preSolution
		Debug|Any CPU = Debug|Any CPU
		Release|Any CPU = Release|Any CPU
	EndGlobalSection
	GlobalSection(ProjectConfigurationPlatforms) = postSolution
		{ECFE28C9-BA4B-42D1-8FAF-14B5691C91AD}.Debug|Any CPU.ActiveCfg = Debug|Any CPU
		{ECFE28C9-BA4B-42D1-8FAF-14B5691C91AD}.Debug|Any CPU.Build.0 = Debug|Any CPU
		{ECFE28C9-BA4B-42D1-8FAF-14B5691C91AD}.Release|Any CPU.ActiveCfg = Release|Any CPU
		{ECFE28C9-BA4B-42D1-8FAF-14B5691C91AD}.Release|Any CPU.Build.0 = Release|Any CPU
		{2F2D1279-72F4-4F84-BF3B-AA9A014DC1A9}.Debug|Any CPU.ActiveCfg = Debug|Any CPU
		{2F2D1279-72F4-4F84-BF3B-AA9A014DC1A9}.Debug|Any CPU.Build.0 = Debug|Any CPU
		{2F2D1279-72F4-4F84-BF3B-AA9A014DC1A9}.Release|Any CPU.ActiveCfg = Release|Any CPU
		{2F2D1279-72F4-4F84-BF3B-AA9A014DC1A9}.Release|Any CPU.Build.0 = Release|Any CPU
		{9EE23453-EAB5-400D-A071-EB1C176BDC5E}.Debug|Any CPU.ActiveCfg = Debug|Any CPU
		{9EE23453-EAB5-400D-A071-EB1C176BDC5E}.Debug|Any CPU.Build.0 = Debug|Any CPU
		{9EE23453-EAB5-400D-A071-EB1C176BDC5E}.Release|Any CPU.ActiveCfg = Release|Any CPU
		{9EE23453-EAB5-400D-A071-EB1C176BDC5E}.Release|Any CPU.Build.0 = Release|Any CPU
		{6D9FD378-ABE6-4805-A033-D5D053929A2C}.Debug|Any CPU.ActiveCfg = Debug|Any CPU
		{6D9FD378-ABE6-4805-A033-D5D053929A2C}.Debug|Any CPU.Build.0 = Debug|Any CPU
		{6D9FD378-ABE6-4805-A033-D5D053929A2C}.Release|Any CPU.ActiveCfg = Release|Any CPU
		{6D9FD378-ABE6-4805-A033-D5D053929A2C}.Release|Any CPU.Build.0 = Release|Any CPU
	EndGlobalSection
	GlobalSection(SolutionProperties) = preSolution
		HideSolutionNode = FALSE
	EndGlobalSection
	GlobalSection(ExtensibilityGlobals) = postSolution
		SolutionGuid = {48E3E66A-B79A-4E65-989F-725E5F610324}
	EndGlobalSection
EndGlobal
